<?xml version="1.0" encoding="utf-8"?>
<Project ToolsVersion="4.0" xmlns="http://schemas.microsoft.com/developer/msbuild/2003">
  <ItemGroup>
    <ClCompile Include="main.cpp" />
    <ClCompile Include="Common\Common.cpp">
      <Filter>Common</Filter>
    </ClCompile>
    <ClCompile Include="Common\FileIO.cpp">
      <Filter>Common</Filter>
    </ClCompile>
    <ClCompile Include="Common\MyString.cpp">
      <Filter>Common</Filter>
    </ClCompile>
    <ClCompile Include="Common\Streams.cpp">
      <Filter>Common</Filter>
    </ClCompile>
    <ClCompile Include="Common\Threads.cpp">
      <Filter>Common</Filter>
    </ClCompile>
    <ClCompile Include="Common\Timers.cpp">
      <Filter>Common</Filter>
    </ClCompile>
    <ClCompile Include="Phasor\Admin.cpp">
      <Filter>Phasor</Filter>
    </ClCompile>
    <ClCompile Include="Phasor\Commands.cpp">
      <Filter>Phasor</Filter>
    </ClCompile>
    <ClCompile Include="Phasor\CrashHandler.cpp">
      <Filter>Phasor</Filter>
    </ClCompile>
    <ClCompile Include="Phasor\Directory.cpp">
      <Filter>Phasor</Filter>
    </ClCompile>
    <ClCompile Include="Phasor\PhasorThread.cpp">
      <Filter>Phasor</Filter>
    </ClCompile>
    <ClCompile Include="Phasor\GameLogging.cpp">
      <Filter>Phasor\Logging</Filter>
    </ClCompile>
    <ClCompile Include="Phasor\Logging.cpp">
      <Filter>Phasor\Logging</Filter>
    </ClCompile>
    <ClCompile Include="Phasor\LogHandler.cpp">
      <Filter>Phasor\Logging</Filter>
    </ClCompile>
    <ClCompile Include="Phasor\ThreadedLogging.cpp">
      <Filter>Phasor\Logging</Filter>
    </ClCompile>
    <ClCompile Include="Phasor\Halo\tags.cpp">
      <Filter>Phasor\Halo</Filter>
    </ClCompile>
    <ClCompile Include="Phasor\Halo\HaloStreams.cpp">
      <Filter>Phasor\Halo</Filter>
    </ClCompile>
    <ClCompile Include="Phasor\Halo\Halo.cpp">
      <Filter>Phasor\Halo</Filter>
    </ClCompile>
    <ClCompile Include="Phasor\Halo\Game\Damage.cpp">
      <Filter>Phasor\Halo\Game</Filter>
    </ClCompile>
    <ClCompile Include="Phasor\Halo\Game\Game.cpp">
      <Filter>Phasor\Halo\Game</Filter>
    </ClCompile>
    <ClCompile Include="Phasor\Halo\Game\Objects.cpp">
      <Filter>Phasor\Halo\Game</Filter>
    </ClCompile>
    <ClCompile Include="Phasor\Halo\Addresses.cpp">
      <Filter>Phasor\Halo\Hooks</Filter>
    </ClCompile>
    <ClCompile Include="Phasor\Halo\Hooks.cpp">
      <Filter>Phasor\Halo\Hooks</Filter>
    </ClCompile>
    <ClCompile Include="Phasor\Halo\AFKDetection.cpp">
      <Filter>Phasor\Halo\Player</Filter>
    </ClCompile>
    <ClCompile Include="Phasor\Halo\Alias.cpp">
      <Filter>Phasor\Halo\Player</Filter>
    </ClCompile>
    <ClCompile Include="Phasor\Halo\Player.cpp">
      <Filter>Phasor\Halo\Player</Filter>
    </ClCompile>
    <ClCompile Include="Phasor\Halo\Server\Chat.cpp">
      <Filter>Phasor\Halo\Server</Filter>
    </ClCompile>
    <ClCompile Include="Phasor\Halo\Server\Gametypes.cpp">
      <Filter>Phasor\Halo\Server</Filter>
    </ClCompile>
    <ClCompile Include="Phasor\Halo\Server\MapLoader.cpp">
      <Filter>Phasor\Halo\Server</Filter>
    </ClCompile>
    <ClCompile Include="Phasor\Halo\Server\MapVote.cpp">
      <Filter>Phasor\Halo\Server</Filter>
    </ClCompile>
    <ClCompile Include="Phasor\Halo\Server\misc_cmds.cpp">
      <Filter>Phasor\Halo\Server</Filter>
    </ClCompile>
    <ClCompile Include="Phasor\Halo\Server\Packet.cpp">
      <Filter>Phasor\Halo\Server</Filter>
    </ClCompile>
    <ClCompile Include="Phasor\Halo\Server\ScriptLoader.cpp">
      <Filter>Phasor\Halo\Server</Filter>
    </ClCompile>
    <ClCompile Include="Phasor\Halo\Server\Server.cpp">
      <Filter>Phasor\Halo\Server</Filter>
    </ClCompile>
    <ClCompile Include="Libraries\Curl.cpp">
      <Filter>Libraries\cURL</Filter>
    </ClCompile>
    <ClCompile Include="Libraries\sqlitepp.cpp">
      <Filter>Libraries\sqlite</Filter>
    </ClCompile>
    <ClCompile Include="Scripts\lua-bindings.cpp">
      <Filter>Scripting</Filter>
    </ClCompile>
    <ClCompile Include="Scripts\script-events.cpp">
      <Filter>Scripting</Filter>
    </ClCompile>
    <ClCompile Include="Scripts\scripting.cpp">
      <Filter>Scripting</Filter>
    </ClCompile>
    <ClCompile Include="Scripts\PhasorAPI\damagelookup.cpp">
      <Filter>Scripting\PhasorAPI</Filter>
    </ClCompile>
    <ClCompile Include="Scripts\PhasorAPI\haloobjects.cpp">
      <Filter>Scripting\PhasorAPI</Filter>
    </ClCompile>
    <ClCompile Include="Scripts\PhasorAPI\memory.cpp">
      <Filter>Scripting\PhasorAPI</Filter>
    </ClCompile>
    <ClCompile Include="Scripts\PhasorAPI\misc.cpp">
      <Filter>Scripting\PhasorAPI</Filter>
    </ClCompile>
    <ClCompile Include="Scripts\PhasorAPI\misc_halo.cpp">
      <Filter>Scripting\PhasorAPI</Filter>
    </ClCompile>
    <ClCompile Include="Scripts\PhasorAPI\output.cpp">
      <Filter>Scripting\PhasorAPI</Filter>
    </ClCompile>
    <ClCompile Include="Scripts\PhasorAPI\phasorapi.cpp">
      <Filter>Scripting\PhasorAPI</Filter>
    </ClCompile>
    <ClCompile Include="Scripts\PhasorAPI\playerinfo.cpp">
      <Filter>Scripting\PhasorAPI</Filter>
    </ClCompile>
    <ClCompile Include="Scripts\PhasorAPI\scripttimers.cpp">
      <Filter>Scripting\PhasorAPI</Filter>
    </ClCompile>
    <ClCompile Include="Scripts\PhasorAPI\string.cpp">
      <Filter>Scripting\PhasorAPI</Filter>
    </ClCompile>
    <ClCompile Include="cpp-netlib\libs\network\src\client.cpp">
      <Filter>Libraries\cpp-netlib\libs\network\src</Filter>
    </ClCompile>
    <ClCompile Include="cpp-netlib\libs\network\src\server_request_parsers_impl.cpp">
      <Filter>Libraries\cpp-netlib\libs\network\src</Filter>
    </ClCompile>
    <ClCompile Include="cpp-netlib\libs\network\src\uri\schemes.cpp">
      <Filter>Libraries\cpp-netlib\libs\network\src\uri</Filter>
    </ClCompile>
    <ClCompile Include="cpp-netlib\libs\network\src\uri\uri.cpp">
      <Filter>Libraries\cpp-netlib\libs\network\src\uri</Filter>
    </ClCompile>
  </ItemGroup>
  <ItemGroup>
    <ClInclude Include="main.h" />
    <ClInclude Include="Common\Common.h">
      <Filter>Common</Filter>
    </ClInclude>
    <ClInclude Include="Common\FileIO.h">
      <Filter>Common</Filter>
    </ClInclude>
    <ClInclude Include="Common\MyException.h">
      <Filter>Common</Filter>
    </ClInclude>
    <ClInclude Include="Common\MyString.h">
      <Filter>Common</Filter>
    </ClInclude>
    <ClInclude Include="Common\Streams.h">
      <Filter>Common</Filter>
    </ClInclude>
    <ClInclude Include="Common\Threads.h">
      <Filter>Common</Filter>
    </ClInclude>
    <ClInclude Include="Common\Types.h">
      <Filter>Common</Filter>
    </ClInclude>
    <ClInclude Include="Common\noncopyable.h">
      <Filter>Common</Filter>
    </ClInclude>
    <ClInclude Include="Common\Timers.h">
      <Filter>Common</Filter>
    </ClInclude>
    <ClInclude Include="Common\vect3d.h">
      <Filter>Common</Filter>
    </ClInclude>
    <ClInclude Include="Phasor\Admin.h">
      <Filter>Phasor</Filter>
    </ClInclude>
    <ClInclude Include="Phasor\Commands.h">
      <Filter>Phasor</Filter>
    </ClInclude>
    <ClInclude Include="Phasor\CrashHandler.h">
      <Filter>Phasor</Filter>
    </ClInclude>
    <ClInclude Include="Phasor\Directory.h">
      <Filter>Phasor</Filter>
    </ClInclude>
    <ClInclude Include="Phasor\Globals.h">
      <Filter>Phasor</Filter>
    </ClInclude>
    <ClInclude Include="Phasor\PhasorThread.h">
      <Filter>Phasor</Filter>
    </ClInclude>
    <ClInclude Include="Phasor\GameLogging.h">
      <Filter>Phasor\Logging</Filter>
    </ClInclude>
    <ClInclude Include="Phasor\Logging.h">
      <Filter>Phasor\Logging</Filter>
    </ClInclude>
    <ClInclude Include="Phasor\LogHandler.h">
      <Filter>Phasor\Logging</Filter>
    </ClInclude>
    <ClInclude Include="Phasor\ThreadedLogging.h">
      <Filter>Phasor\Logging</Filter>
    </ClInclude>
    <ClInclude Include="Phasor\Halo\tags.h">
      <Filter>Phasor\Halo</Filter>
    </ClInclude>
    <ClInclude Include="Phasor\Halo\HaloStreams.h">
      <Filter>Phasor\Halo</Filter>
    </ClInclude>
    <ClInclude Include="Phasor\Halo\Halo.h">
      <Filter>Phasor\Halo</Filter>
    </ClInclude>
    <ClInclude Include="Phasor\Halo\Game\Damage.h">
      <Filter>Phasor\Halo\Game</Filter>
    </ClInclude>
    <ClInclude Include="Phasor\Halo\Game\Game.h">
      <Filter>Phasor\Halo\Game</Filter>
    </ClInclude>
    <ClInclude Include="Phasor\Halo\Game\Objects.h">
      <Filter>Phasor\Halo\Game</Filter>
    </ClInclude>
    <ClInclude Include="Phasor\Halo\Addresses.h">
      <Filter>Phasor\Halo\Hooks</Filter>
    </ClInclude>
    <ClInclude Include="Phasor\Halo\Hooks.h">
      <Filter>Phasor\Halo\Hooks</Filter>
    </ClInclude>
    <ClInclude Include="Phasor\Halo\AFKDetection.h">
      <Filter>Phasor\Halo\Player</Filter>
    </ClInclude>
    <ClInclude Include="Phasor\Halo\Alias.h">
      <Filter>Phasor\Halo\Player</Filter>
    </ClInclude>
    <ClInclude Include="Phasor\Halo\Player.h">
      <Filter>Phasor\Halo\Player</Filter>
    </ClInclude>
    <ClInclude Include="Phasor\Halo\Server\Chat.h">
      <Filter>Phasor\Halo\Server</Filter>
    </ClInclude>
    <ClInclude Include="Phasor\Halo\Server\Gametypes.h">
      <Filter>Phasor\Halo\Server</Filter>
    </ClInclude>
    <ClInclude Include="Phasor\Halo\Server\MapLoader.h">
      <Filter>Phasor\Halo\Server</Filter>
    </ClInclude>
    <ClInclude Include="Phasor\Halo\Server\MapVote.h">
      <Filter>Phasor\Halo\Server</Filter>
    </ClInclude>
    <ClInclude Include="Phasor\Halo\Server\misc_cmds.h">
      <Filter>Phasor\Halo\Server</Filter>
    </ClInclude>
    <ClInclude Include="Phasor\Halo\Server\Packet.h">
      <Filter>Phasor\Halo\Server</Filter>
    </ClInclude>
    <ClInclude Include="Phasor\Halo\Server\ScriptLoader.h">
      <Filter>Phasor\Halo\Server</Filter>
    </ClInclude>
    <ClInclude Include="Phasor\Halo\Server\Server.h">
      <Filter>Phasor\Halo\Server</Filter>
    </ClInclude>
    <ClInclude Include="Phasor\Version.h">
      <Filter>Phasor</Filter>
    </ClInclude>
    <ClInclude Include="Libraries\Curl.h">
      <Filter>Libraries\cURL</Filter>
    </ClInclude>
    <ClInclude Include="Libraries\sqlitepp.h">
      <Filter>Libraries\sqlite</Filter>
    </ClInclude>
    <ClInclude Include="Scripts\lua-bindings.hpp">
      <Filter>Scripting</Filter>
    </ClInclude>
    <ClInclude Include="Scripts\phasor-lua.hpp">
      <Filter>Scripting</Filter>
    </ClInclude>
    <ClInclude Include="Scripts\script-events.h">
      <Filter>Scripting</Filter>
    </ClInclude>
    <ClInclude Include="Scripts\scripting.hpp">
      <Filter>Scripting</Filter>
    </ClInclude>
    <ClInclude Include="Scripts\PhasorAPI\damagelookup.h">
      <Filter>Scripting\PhasorAPI</Filter>
    </ClInclude>
    <ClInclude Include="Scripts\PhasorAPI\haloobjects.h">
      <Filter>Scripting\PhasorAPI</Filter>
    </ClInclude>
    <ClInclude Include="Scripts\PhasorAPI\memory.h">
      <Filter>Scripting\PhasorAPI</Filter>
    </ClInclude>
    <ClInclude Include="Scripts\PhasorAPI\misc.h">
      <Filter>Scripting\PhasorAPI</Filter>
    </ClInclude>
    <ClInclude Include="Scripts\PhasorAPI\misc_halo.h">
      <Filter>Scripting\PhasorAPI</Filter>
    </ClInclude>
    <ClInclude Include="Scripts\PhasorAPI\output.h">
      <Filter>Scripting\PhasorAPI</Filter>
    </ClInclude>
    <ClInclude Include="Scripts\PhasorAPI\phasorapi.h">
      <Filter>Scripting\PhasorAPI</Filter>
    </ClInclude>
    <ClInclude Include="Scripts\PhasorAPI\playerinfo.h">
      <Filter>Scripting\PhasorAPI</Filter>
    </ClInclude>
    <ClInclude Include="Scripts\PhasorAPI\scripttimers.h">
      <Filter>Scripting\PhasorAPI</Filter>
    </ClInclude>
    <ClInclude Include="Scripts\PhasorAPI\string.h">
      <Filter>Scripting\PhasorAPI</Filter>
    </ClInclude>
    <ClInclude Include="cpp-netlib\boost\mime.hpp">
      <Filter>Libraries\cpp-netlib\boost</Filter>
    </ClInclude>
    <ClInclude Include="cpp-netlib\boost\network.hpp">
      <Filter>Libraries\cpp-netlib\boost</Filter>
    </ClInclude>
    <ClInclude Include="cpp-netlib\boost\network\constants.hpp">
      <Filter>Libraries\cpp-netlib\boost</Filter>
    </ClInclude>
    <ClInclude Include="cpp-netlib\boost\network\detail\debug.hpp">
      <Filter>Libraries\cpp-netlib\boost</Filter>
    </ClInclude>
    <ClInclude Include="cpp-netlib\boost\network\detail\directive_base.hpp">
      <Filter>Libraries\cpp-netlib\boost</Filter>
    </ClInclude>
    <ClInclude Include="cpp-netlib\boost\network\detail\wrapper_base.hpp">
      <Filter>Libraries\cpp-netlib\boost</Filter>
    </ClInclude>
    <ClInclude Include="cpp-netlib\boost\network\include\http\client.hpp">
      <Filter>Libraries\cpp-netlib\boost</Filter>
    </ClInclude>
    <ClInclude Include="cpp-netlib\boost\network\include\http\server.hpp">
      <Filter>Libraries\cpp-netlib\boost</Filter>
    </ClInclude>
    <ClInclude Include="cpp-netlib\boost\network\include\message.hpp">
      <Filter>Libraries\cpp-netlib\boost</Filter>
    </ClInclude>
    <ClInclude Include="cpp-netlib\boost\network\message.hpp">
      <Filter>Libraries\cpp-netlib\boost</Filter>
    </ClInclude>
    <ClInclude Include="cpp-netlib\boost\network\message\directives.hpp">
      <Filter>Libraries\cpp-netlib\boost</Filter>
    </ClInclude>
    <ClInclude Include="cpp-netlib\boost\network\message\directives\detail\string_directive.hpp">
      <Filter>Libraries\cpp-netlib\boost</Filter>
    </ClInclude>
    <ClInclude Include="cpp-netlib\boost\network\message\directives\detail\string_value.hpp">
      <Filter>Libraries\cpp-netlib\boost</Filter>
    </ClInclude>
    <ClInclude Include="cpp-netlib\boost\network\message\directives\header.hpp">
      <Filter>Libraries\cpp-netlib\boost</Filter>
    </ClInclude>
    <ClInclude Include="cpp-netlib\boost\network\message\directives\remove_header.hpp">
      <Filter>Libraries\cpp-netlib\boost</Filter>
    </ClInclude>
    <ClInclude Include="cpp-netlib\boost\network\message\message_concept.hpp">
      <Filter>Libraries\cpp-netlib\boost</Filter>
    </ClInclude>
    <ClInclude Include="cpp-netlib\boost\network\message\modifiers\add_header.hpp">
      <Filter>Libraries\cpp-netlib\boost</Filter>
    </ClInclude>
    <ClInclude Include="cpp-netlib\boost\network\message\modifiers\body.hpp">
      <Filter>Libraries\cpp-netlib\boost</Filter>
    </ClInclude>
    <ClInclude Include="cpp-netlib\boost\network\message\modifiers\clear_headers.hpp">
      <Filter>Libraries\cpp-netlib\boost</Filter>
    </ClInclude>
    <ClInclude Include="cpp-netlib\boost\network\message\modifiers\destination.hpp">
      <Filter>Libraries\cpp-netlib\boost</Filter>
    </ClInclude>
    <ClInclude Include="cpp-netlib\boost\network\message\modifiers\remove_header.hpp">
      <Filter>Libraries\cpp-netlib\boost</Filter>
    </ClInclude>
    <ClInclude Include="cpp-netlib\boost\network\message\modifiers\source.hpp">
      <Filter>Libraries\cpp-netlib\boost</Filter>
    </ClInclude>
    <ClInclude Include="cpp-netlib\boost\network\message\traits\body.hpp">
      <Filter>Libraries\cpp-netlib\boost</Filter>
    </ClInclude>
    <ClInclude Include="cpp-netlib\boost\network\message\traits\destination.hpp">
      <Filter>Libraries\cpp-netlib\boost</Filter>
    </ClInclude>
    <ClInclude Include="cpp-netlib\boost\network\message\traits\headers.hpp">
      <Filter>Libraries\cpp-netlib\boost</Filter>
    </ClInclude>
    <ClInclude Include="cpp-netlib\boost\network\message\traits\source.hpp">
      <Filter>Libraries\cpp-netlib\boost</Filter>
    </ClInclude>
    <ClInclude Include="cpp-netlib\boost\network\message\transformers.hpp">
      <Filter>Libraries\cpp-netlib\boost</Filter>
    </ClInclude>
    <ClInclude Include="cpp-netlib\boost\network\message\transformers\selectors.hpp">
      <Filter>Libraries\cpp-netlib\boost</Filter>
    </ClInclude>
    <ClInclude Include="cpp-netlib\boost\network\message\transformers\to_lower.hpp">
      <Filter>Libraries\cpp-netlib\boost</Filter>
    </ClInclude>
    <ClInclude Include="cpp-netlib\boost\network\message\transformers\to_upper.hpp">
      <Filter>Libraries\cpp-netlib\boost</Filter>
    </ClInclude>
    <ClInclude Include="cpp-netlib\boost\network\message\wrappers.hpp">
      <Filter>Libraries\cpp-netlib\boost</Filter>
    </ClInclude>
    <ClInclude Include="cpp-netlib\boost\network\message\wrappers\body.hpp">
      <Filter>Libraries\cpp-netlib\boost</Filter>
    </ClInclude>
    <ClInclude Include="cpp-netlib\boost\network\message\wrappers\destination.hpp">
      <Filter>Libraries\cpp-netlib\boost</Filter>
    </ClInclude>
    <ClInclude Include="cpp-netlib\boost\network\message\wrappers\headers.hpp">
      <Filter>Libraries\cpp-netlib\boost</Filter>
    </ClInclude>
    <ClInclude Include="cpp-netlib\boost\network\message\wrappers\source.hpp">
      <Filter>Libraries\cpp-netlib\boost</Filter>
    </ClInclude>
    <ClInclude Include="cpp-netlib\boost\network\message_fwd.hpp">
      <Filter>Libraries\cpp-netlib\boost</Filter>
    </ClInclude>
    <ClInclude Include="cpp-netlib\boost\network\protocol.hpp">
      <Filter>Libraries\cpp-netlib\boost</Filter>
    </ClInclude>
    <ClInclude Include="cpp-netlib\boost\network\protocol\http.hpp">
      <Filter>Libraries\cpp-netlib\boost</Filter>
    </ClInclude>
    <ClInclude Include="cpp-netlib\boost\network\protocol\http\algorithms\linearize.hpp">
      <Filter>Libraries\cpp-netlib\boost</Filter>
    </ClInclude>
    <ClInclude Include="cpp-netlib\boost\network\protocol\http\client.hpp">
      <Filter>Libraries\cpp-netlib\boost</Filter>
    </ClInclude>
    <ClInclude Include="cpp-netlib\boost\network\protocol\http\client\async_impl.hpp">
      <Filter>Libraries\cpp-netlib\boost</Filter>
    </ClInclude>
    <ClInclude Include="cpp-netlib\boost\network\protocol\http\client\connection\async_base.hpp">
      <Filter>Libraries\cpp-netlib\boost</Filter>
    </ClInclude>
    <ClInclude Include="cpp-netlib\boost\network\protocol\http\client\connection\async_normal.hpp">
      <Filter>Libraries\cpp-netlib\boost</Filter>
    </ClInclude>
    <ClInclude Include="cpp-netlib\boost\network\protocol\http\client\connection\async_protocol_handler.hpp">
      <Filter>Libraries\cpp-netlib\boost</Filter>
    </ClInclude>
    <ClInclude Include="cpp-netlib\boost\network\protocol\http\client\connection\connection_delegate.hpp">
      <Filter>Libraries\cpp-netlib\boost</Filter>
    </ClInclude>
    <ClInclude Include="cpp-netlib\boost\network\protocol\http\client\connection\connection_delegate_factory.hpp">
      <Filter>Libraries\cpp-netlib\boost</Filter>
    </ClInclude>
    <ClInclude Include="cpp-netlib\boost\network\protocol\http\client\connection\normal_delegate.hpp">
      <Filter>Libraries\cpp-netlib\boost</Filter>
    </ClInclude>
    <ClInclude Include="cpp-netlib\boost\network\protocol\http\client\connection\ssl_delegate.hpp">
      <Filter>Libraries\cpp-netlib\boost</Filter>
    </ClInclude>
    <ClInclude Include="cpp-netlib\boost\network\protocol\http\client\connection\sync_base.hpp">
      <Filter>Libraries\cpp-netlib\boost</Filter>
    </ClInclude>
    <ClInclude Include="cpp-netlib\boost\network\protocol\http\client\connection\sync_normal.hpp">
      <Filter>Libraries\cpp-netlib\boost</Filter>
    </ClInclude>
    <ClInclude Include="cpp-netlib\boost\network\protocol\http\client\connection\sync_ssl.hpp">
      <Filter>Libraries\cpp-netlib\boost</Filter>
    </ClInclude>
    <ClInclude Include="cpp-netlib\boost\network\protocol\http\client\facade.hpp">
      <Filter>Libraries\cpp-netlib\boost</Filter>
    </ClInclude>
    <ClInclude Include="cpp-netlib\boost\network\protocol\http\client\macros.hpp">
      <Filter>Libraries\cpp-netlib\boost</Filter>
    </ClInclude>
    <ClInclude Include="cpp-netlib\boost\network\protocol\http\client\options.hpp">
      <Filter>Libraries\cpp-netlib\boost</Filter>
    </ClInclude>
    <ClInclude Include="cpp-netlib\boost\network\protocol\http\client\pimpl.hpp">
      <Filter>Libraries\cpp-netlib\boost</Filter>
    </ClInclude>
    <ClInclude Include="cpp-netlib\boost\network\protocol\http\client\sync_impl.hpp">
      <Filter>Libraries\cpp-netlib\boost</Filter>
    </ClInclude>
    <ClInclude Include="cpp-netlib\boost\network\protocol\http\errors.hpp">
      <Filter>Libraries\cpp-netlib\boost</Filter>
    </ClInclude>
    <ClInclude Include="cpp-netlib\boost\network\protocol\http\impl\request.hpp">
      <Filter>Libraries\cpp-netlib\boost</Filter>
    </ClInclude>
    <ClInclude Include="cpp-netlib\boost\network\protocol\http\message.hpp">
      <Filter>Libraries\cpp-netlib\boost</Filter>
    </ClInclude>
    <ClInclude Include="cpp-netlib\boost\network\protocol\http\message\async_message.hpp">
      <Filter>Libraries\cpp-netlib\boost</Filter>
    </ClInclude>
    <ClInclude Include="cpp-netlib\boost\network\protocol\http\message\directives\major_version.hpp">
      <Filter>Libraries\cpp-netlib\boost</Filter>
    </ClInclude>
    <ClInclude Include="cpp-netlib\boost\network\protocol\http\message\directives\method.hpp">
      <Filter>Libraries\cpp-netlib\boost</Filter>
    </ClInclude>
    <ClInclude Include="cpp-netlib\boost\network\protocol\http\message\directives\minor_version.hpp">
      <Filter>Libraries\cpp-netlib\boost</Filter>
    </ClInclude>
    <ClInclude Include="cpp-netlib\boost\network\protocol\http\message\directives\status.hpp">
      <Filter>Libraries\cpp-netlib\boost</Filter>
    </ClInclude>
    <ClInclude Include="cpp-netlib\boost\network\protocol\http\message\directives\status_message.hpp">
      <Filter>Libraries\cpp-netlib\boost</Filter>
    </ClInclude>
    <ClInclude Include="cpp-netlib\boost\network\protocol\http\message\directives\uri.hpp">
      <Filter>Libraries\cpp-netlib\boost</Filter>
    </ClInclude>
    <ClInclude Include="cpp-netlib\boost\network\protocol\http\message\directives\version.hpp">
      <Filter>Libraries\cpp-netlib\boost</Filter>
    </ClInclude>
    <ClInclude Include="cpp-netlib\boost\network\protocol\http\message\header.hpp">
      <Filter>Libraries\cpp-netlib\boost</Filter>
    </ClInclude>
    <ClInclude Include="cpp-netlib\boost\network\protocol\http\message\header\name.hpp">
      <Filter>Libraries\cpp-netlib\boost</Filter>
    </ClInclude>
    <ClInclude Include="cpp-netlib\boost\network\protocol\http\message\header\value.hpp">
      <Filter>Libraries\cpp-netlib\boost</Filter>
    </ClInclude>
    <ClInclude Include="cpp-netlib\boost\network\protocol\http\message\header_concept.hpp">
      <Filter>Libraries\cpp-netlib\boost</Filter>
    </ClInclude>
    <ClInclude Include="cpp-netlib\boost\network\protocol\http\message\message_base.hpp">
      <Filter>Libraries\cpp-netlib\boost</Filter>
    </ClInclude>
    <ClInclude Include="cpp-netlib\boost\network\protocol\http\message\modifiers\body.hpp">
      <Filter>Libraries\cpp-netlib\boost</Filter>
    </ClInclude>
    <ClInclude Include="cpp-netlib\boost\network\protocol\http\message\modifiers\clear_headers.hpp">
      <Filter>Libraries\cpp-netlib\boost</Filter>
    </ClInclude>
    <ClInclude Include="cpp-netlib\boost\network\protocol\http\message\modifiers\destination.hpp">
      <Filter>Libraries\cpp-netlib\boost</Filter>
    </ClInclude>
    <ClInclude Include="cpp-netlib\boost\network\protocol\http\message\modifiers\headers.hpp">
      <Filter>Libraries\cpp-netlib\boost</Filter>
    </ClInclude>
    <ClInclude Include="cpp-netlib\boost\network\protocol\http\message\modifiers\major_version.hpp">
      <Filter>Libraries\cpp-netlib\boost</Filter>
    </ClInclude>
    <ClInclude Include="cpp-netlib\boost\network\protocol\http\message\modifiers\method.hpp">
      <Filter>Libraries\cpp-netlib\boost</Filter>
    </ClInclude>
    <ClInclude Include="cpp-netlib\boost\network\protocol\http\message\modifiers\minor_version.hpp">
      <Filter>Libraries\cpp-netlib\boost</Filter>
    </ClInclude>
    <ClInclude Include="cpp-netlib\boost\network\protocol\http\message\modifiers\source.hpp">
      <Filter>Libraries\cpp-netlib\boost</Filter>
    </ClInclude>
    <ClInclude Include="cpp-netlib\boost\network\protocol\http\message\modifiers\status.hpp">
      <Filter>Libraries\cpp-netlib\boost</Filter>
    </ClInclude>
    <ClInclude Include="cpp-netlib\boost\network\protocol\http\message\modifiers\status_message.hpp">
      <Filter>Libraries\cpp-netlib\boost</Filter>
    </ClInclude>
    <ClInclude Include="cpp-netlib\boost\network\protocol\http\message\modifiers\uri.hpp">
      <Filter>Libraries\cpp-netlib\boost</Filter>
    </ClInclude>
    <ClInclude Include="cpp-netlib\boost\network\protocol\http\message\modifiers\version.hpp">
      <Filter>Libraries\cpp-netlib\boost</Filter>
    </ClInclude>
    <ClInclude Include="cpp-netlib\boost\network\protocol\http\message\traits\status.hpp">
      <Filter>Libraries\cpp-netlib\boost</Filter>
    </ClInclude>
    <ClInclude Include="cpp-netlib\boost\network\protocol\http\message\traits\status_message.hpp">
      <Filter>Libraries\cpp-netlib\boost</Filter>
    </ClInclude>
    <ClInclude Include="cpp-netlib\boost\network\protocol\http\message\traits\version.hpp">
      <Filter>Libraries\cpp-netlib\boost</Filter>
    </ClInclude>
    <ClInclude Include="cpp-netlib\boost\network\protocol\http\message\wrappers\anchor.hpp">
      <Filter>Libraries\cpp-netlib\boost</Filter>
    </ClInclude>
    <ClInclude Include="cpp-netlib\boost\network\protocol\http\message\wrappers\body.hpp">
      <Filter>Libraries\cpp-netlib\boost</Filter>
    </ClInclude>
    <ClInclude Include="cpp-netlib\boost\network\protocol\http\message\wrappers\destination.hpp">
      <Filter>Libraries\cpp-netlib\boost</Filter>
    </ClInclude>
    <ClInclude Include="cpp-netlib\boost\network\protocol\http\message\wrappers\headers.hpp">
      <Filter>Libraries\cpp-netlib\boost</Filter>
    </ClInclude>
    <ClInclude Include="cpp-netlib\boost\network\protocol\http\message\wrappers\helper.hpp">
      <Filter>Libraries\cpp-netlib\boost</Filter>
    </ClInclude>
    <ClInclude Include="cpp-netlib\boost\network\protocol\http\message\wrappers\host.hpp">
      <Filter>Libraries\cpp-netlib\boost</Filter>
    </ClInclude>
    <ClInclude Include="cpp-netlib\boost\network\protocol\http\message\wrappers\major_version.hpp">
      <Filter>Libraries\cpp-netlib\boost</Filter>
    </ClInclude>
    <ClInclude Include="cpp-netlib\boost\network\protocol\http\message\wrappers\method.hpp">
      <Filter>Libraries\cpp-netlib\boost</Filter>
    </ClInclude>
    <ClInclude Include="cpp-netlib\boost\network\protocol\http\message\wrappers\minor_version.hpp">
      <Filter>Libraries\cpp-netlib\boost</Filter>
    </ClInclude>
    <ClInclude Include="cpp-netlib\boost\network\protocol\http\message\wrappers\path.hpp">
      <Filter>Libraries\cpp-netlib\boost</Filter>
    </ClInclude>
    <ClInclude Include="cpp-netlib\boost\network\protocol\http\message\wrappers\port.hpp">
      <Filter>Libraries\cpp-netlib\boost</Filter>
    </ClInclude>
    <ClInclude Include="cpp-netlib\boost\network\protocol\http\message\wrappers\protocol.hpp">
      <Filter>Libraries\cpp-netlib\boost</Filter>
    </ClInclude>
    <ClInclude Include="cpp-netlib\boost\network\protocol\http\message\wrappers\query.hpp">
      <Filter>Libraries\cpp-netlib\boost</Filter>
    </ClInclude>
    <ClInclude Include="cpp-netlib\boost\network\protocol\http\message\wrappers\ready.hpp">
      <Filter>Libraries\cpp-netlib\boost</Filter>
    </ClInclude>
    <ClInclude Include="cpp-netlib\boost\network\protocol\http\message\wrappers\source.hpp">
      <Filter>Libraries\cpp-netlib\boost</Filter>
    </ClInclude>
    <ClInclude Include="cpp-netlib\boost\network\protocol\http\message\wrappers\status.hpp">
      <Filter>Libraries\cpp-netlib\boost</Filter>
    </ClInclude>
    <ClInclude Include="cpp-netlib\boost\network\protocol\http\message\wrappers\status_message.hpp">
      <Filter>Libraries\cpp-netlib\boost</Filter>
    </ClInclude>
    <ClInclude Include="cpp-netlib\boost\network\protocol\http\message\wrappers\uri.hpp">
      <Filter>Libraries\cpp-netlib\boost</Filter>
    </ClInclude>
    <ClInclude Include="cpp-netlib\boost\network\protocol\http\message\wrappers\version.hpp">
      <Filter>Libraries\cpp-netlib\boost</Filter>
    </ClInclude>
    <ClInclude Include="cpp-netlib\boost\network\protocol\http\parser.hpp">
      <Filter>Libraries\cpp-netlib\boost</Filter>
    </ClInclude>
    <ClInclude Include="cpp-netlib\boost\network\protocol\http\parser\incremental.hpp">
      <Filter>Libraries\cpp-netlib\boost</Filter>
    </ClInclude>
    <ClInclude Include="cpp-netlib\boost\network\protocol\http\policies\async_connection.hpp">
      <Filter>Libraries\cpp-netlib\boost</Filter>
    </ClInclude>
    <ClInclude Include="cpp-netlib\boost\network\protocol\http\policies\async_resolver.hpp">
      <Filter>Libraries\cpp-netlib\boost</Filter>
    </ClInclude>
    <ClInclude Include="cpp-netlib\boost\network\protocol\http\policies\pooled_connection.hpp">
      <Filter>Libraries\cpp-netlib\boost</Filter>
    </ClInclude>
    <ClInclude Include="cpp-netlib\boost\network\protocol\http\policies\simple_connection.hpp">
      <Filter>Libraries\cpp-netlib\boost</Filter>
    </ClInclude>
    <ClInclude Include="cpp-netlib\boost\network\protocol\http\policies\sync_resolver.hpp">
      <Filter>Libraries\cpp-netlib\boost</Filter>
    </ClInclude>
    <ClInclude Include="cpp-netlib\boost\network\protocol\http\request.hpp">
      <Filter>Libraries\cpp-netlib\boost</Filter>
    </ClInclude>
    <ClInclude Include="cpp-netlib\boost\network\protocol\http\request_concept.hpp">
      <Filter>Libraries\cpp-netlib\boost</Filter>
    </ClInclude>
    <ClInclude Include="cpp-netlib\boost\network\protocol\http\request_parser.hpp">
      <Filter>Libraries\cpp-netlib\boost</Filter>
    </ClInclude>
    <ClInclude Include="cpp-netlib\boost\network\protocol\http\response.hpp">
      <Filter>Libraries\cpp-netlib\boost</Filter>
    </ClInclude>
    <ClInclude Include="cpp-netlib\boost\network\protocol\http\response_concept.hpp">
      <Filter>Libraries\cpp-netlib\boost</Filter>
    </ClInclude>
    <ClInclude Include="cpp-netlib\boost\network\protocol\http\server.hpp">
      <Filter>Libraries\cpp-netlib\boost</Filter>
    </ClInclude>
    <ClInclude Include="cpp-netlib\boost\network\protocol\http\server\async_connection.hpp">
      <Filter>Libraries\cpp-netlib\boost</Filter>
    </ClInclude>
    <ClInclude Include="cpp-netlib\boost\network\protocol\http\server\async_server.hpp">
      <Filter>Libraries\cpp-netlib\boost</Filter>
    </ClInclude>
    <ClInclude Include="cpp-netlib\boost\network\protocol\http\server\options.hpp">
      <Filter>Libraries\cpp-netlib\boost</Filter>
    </ClInclude>
    <ClInclude Include="cpp-netlib\boost\network\protocol\http\server\request.hpp">
      <Filter>Libraries\cpp-netlib\boost</Filter>
    </ClInclude>
    <ClInclude Include="cpp-netlib\boost\network\protocol\http\server\request_parser.hpp">
      <Filter>Libraries\cpp-netlib\boost</Filter>
    </ClInclude>
    <ClInclude Include="cpp-netlib\boost\network\protocol\http\server\socket_options_base.hpp">
      <Filter>Libraries\cpp-netlib\boost</Filter>
    </ClInclude>
    <ClInclude Include="cpp-netlib\boost\network\protocol\http\server\storage_base.hpp">
      <Filter>Libraries\cpp-netlib\boost</Filter>
    </ClInclude>
    <ClInclude Include="cpp-netlib\boost\network\protocol\http\server\sync_connection.hpp">
      <Filter>Libraries\cpp-netlib\boost</Filter>
    </ClInclude>
    <ClInclude Include="cpp-netlib\boost\network\protocol\http\server\sync_server.hpp">
      <Filter>Libraries\cpp-netlib\boost</Filter>
    </ClInclude>
    <ClInclude Include="cpp-netlib\boost\network\protocol\http\support\client_or_server.hpp">
      <Filter>Libraries\cpp-netlib\boost</Filter>
    </ClInclude>
    <ClInclude Include="cpp-netlib\boost\network\protocol\http\support\is_client.hpp">
      <Filter>Libraries\cpp-netlib\boost</Filter>
    </ClInclude>
    <ClInclude Include="cpp-netlib\boost\network\protocol\http\support\is_http.hpp">
      <Filter>Libraries\cpp-netlib\boost</Filter>
    </ClInclude>
    <ClInclude Include="cpp-netlib\boost\network\protocol\http\support\is_keepalive.hpp">
      <Filter>Libraries\cpp-netlib\boost</Filter>
    </ClInclude>
    <ClInclude Include="cpp-netlib\boost\network\protocol\http\support\is_server.hpp">
      <Filter>Libraries\cpp-netlib\boost</Filter>
    </ClInclude>
    <ClInclude Include="cpp-netlib\boost\network\protocol\http\support\is_simple.hpp">
      <Filter>Libraries\cpp-netlib\boost</Filter>
    </ClInclude>
    <ClInclude Include="cpp-netlib\boost\network\protocol\http\support\sync_only.hpp">
      <Filter>Libraries\cpp-netlib\boost</Filter>
    </ClInclude>
    <ClInclude Include="cpp-netlib\boost\network\protocol\http\tags.hpp">
      <Filter>Libraries\cpp-netlib\boost</Filter>
    </ClInclude>
    <ClInclude Include="cpp-netlib\boost\network\protocol\http\traits.hpp">
      <Filter>Libraries\cpp-netlib\boost</Filter>
    </ClInclude>
    <ClInclude Include="cpp-netlib\boost\network\protocol\http\traits\connection_keepalive.hpp">
      <Filter>Libraries\cpp-netlib\boost</Filter>
    </ClInclude>
    <ClInclude Include="cpp-netlib\boost\network\protocol\http\traits\connection_policy.hpp">
      <Filter>Libraries\cpp-netlib\boost</Filter>
    </ClInclude>
    <ClInclude Include="cpp-netlib\boost\network\protocol\http\traits\delegate_factory.hpp">
      <Filter>Libraries\cpp-netlib\boost</Filter>
    </ClInclude>
    <ClInclude Include="cpp-netlib\boost\network\protocol\http\traits\message_traits.hpp">
      <Filter>Libraries\cpp-netlib\boost</Filter>
    </ClInclude>
    <ClInclude Include="cpp-netlib\boost\network\protocol\http\traits\parser_traits.hpp">
      <Filter>Libraries\cpp-netlib\boost</Filter>
    </ClInclude>
    <ClInclude Include="cpp-netlib\boost\network\protocol\http\traits\resolver.hpp">
      <Filter>Libraries\cpp-netlib\boost</Filter>
    </ClInclude>
    <ClInclude Include="cpp-netlib\boost\network\protocol\http\traits\resolver_policy.hpp">
      <Filter>Libraries\cpp-netlib\boost</Filter>
    </ClInclude>
    <ClInclude Include="cpp-netlib\boost\network\protocol\http\traits\vector.hpp">
      <Filter>Libraries\cpp-netlib\boost</Filter>
    </ClInclude>
    <ClInclude Include="cpp-netlib\boost\network\protocol\stream_handler.hpp">
      <Filter>Libraries\cpp-netlib\boost</Filter>
    </ClInclude>
    <ClInclude Include="cpp-netlib\boost\network\support\is_async.hpp">
      <Filter>Libraries\cpp-netlib\boost</Filter>
    </ClInclude>
    <ClInclude Include="cpp-netlib\boost\network\support\is_default_string.hpp">
      <Filter>Libraries\cpp-netlib\boost</Filter>
    </ClInclude>
    <ClInclude Include="cpp-netlib\boost\network\support\is_default_wstring.hpp">
      <Filter>Libraries\cpp-netlib\boost</Filter>
    </ClInclude>
    <ClInclude Include="cpp-netlib\boost\network\support\is_http.hpp">
      <Filter>Libraries\cpp-netlib\boost</Filter>
    </ClInclude>
    <ClInclude Include="cpp-netlib\boost\network\support\is_keepalive.hpp">
      <Filter>Libraries\cpp-netlib\boost</Filter>
    </ClInclude>
    <ClInclude Include="cpp-netlib\boost\network\support\is_pod.hpp">
      <Filter>Libraries\cpp-netlib\boost</Filter>
    </ClInclude>
    <ClInclude Include="cpp-netlib\boost\network\support\is_simple.hpp">
      <Filter>Libraries\cpp-netlib\boost</Filter>
    </ClInclude>
    <ClInclude Include="cpp-netlib\boost\network\support\is_sync.hpp">
      <Filter>Libraries\cpp-netlib\boost</Filter>
    </ClInclude>
    <ClInclude Include="cpp-netlib\boost\network\support\is_tcp.hpp">
      <Filter>Libraries\cpp-netlib\boost</Filter>
    </ClInclude>
    <ClInclude Include="cpp-netlib\boost\network\support\is_udp.hpp">
      <Filter>Libraries\cpp-netlib\boost</Filter>
    </ClInclude>
    <ClInclude Include="cpp-netlib\boost\network\support\pod_or_normal.hpp">
      <Filter>Libraries\cpp-netlib\boost</Filter>
    </ClInclude>
    <ClInclude Include="cpp-netlib\boost\network\support\sync_only.hpp">
      <Filter>Libraries\cpp-netlib\boost</Filter>
    </ClInclude>
    <ClInclude Include="cpp-netlib\boost\network\tags.hpp">
      <Filter>Libraries\cpp-netlib\boost</Filter>
    </ClInclude>
    <ClInclude Include="cpp-netlib\boost\network\traits\char.hpp">
      <Filter>Libraries\cpp-netlib\boost</Filter>
    </ClInclude>
    <ClInclude Include="cpp-netlib\boost\network\traits\headers_container.hpp">
      <Filter>Libraries\cpp-netlib\boost</Filter>
    </ClInclude>
    <ClInclude Include="cpp-netlib\boost\network\traits\istream.hpp">
      <Filter>Libraries\cpp-netlib\boost</Filter>
    </ClInclude>
    <ClInclude Include="cpp-netlib\boost\network\traits\istringstream.hpp">
      <Filter>Libraries\cpp-netlib\boost</Filter>
    </ClInclude>
    <ClInclude Include="cpp-netlib\boost\network\traits\ostream_iterator.hpp">
      <Filter>Libraries\cpp-netlib\boost</Filter>
    </ClInclude>
    <ClInclude Include="cpp-netlib\boost\network\traits\ostringstream.hpp">
      <Filter>Libraries\cpp-netlib\boost</Filter>
    </ClInclude>
    <ClInclude Include="cpp-netlib\boost\network\traits\string.hpp">
      <Filter>Libraries\cpp-netlib\boost</Filter>
    </ClInclude>
    <ClInclude Include="cpp-netlib\boost\network\traits\vector.hpp">
      <Filter>Libraries\cpp-netlib\boost</Filter>
    </ClInclude>
    <ClInclude Include="cpp-netlib\boost\network\uri.hpp">
      <Filter>Libraries\cpp-netlib\boost</Filter>
    </ClInclude>
    <ClInclude Include="cpp-netlib\boost\network\uri\accessors.hpp">
      <Filter>Libraries\cpp-netlib\boost</Filter>
    </ClInclude>
    <ClInclude Include="cpp-netlib\boost\network\uri\builder.hpp">
      <Filter>Libraries\cpp-netlib\boost</Filter>
    </ClInclude>
    <ClInclude Include="cpp-netlib\boost\network\uri\config.hpp">
      <Filter>Libraries\cpp-netlib\boost</Filter>
    </ClInclude>
    <ClInclude Include="cpp-netlib\boost\network\uri\decode.hpp">
      <Filter>Libraries\cpp-netlib\boost</Filter>
    </ClInclude>
    <ClInclude Include="cpp-netlib\boost\network\uri\detail\uri_parts.hpp">
      <Filter>Libraries\cpp-netlib\boost</Filter>
    </ClInclude>
    <ClInclude Include="cpp-netlib\boost\network\uri\directives.hpp">
      <Filter>Libraries\cpp-netlib\boost</Filter>
    </ClInclude>
    <ClInclude Include="cpp-netlib\boost\network\uri\directives\authority.hpp">
      <Filter>Libraries\cpp-netlib\boost</Filter>
    </ClInclude>
    <ClInclude Include="cpp-netlib\boost\network\uri\directives\fragment.hpp">
      <Filter>Libraries\cpp-netlib\boost</Filter>
    </ClInclude>
    <ClInclude Include="cpp-netlib\boost\network\uri\directives\host.hpp">
      <Filter>Libraries\cpp-netlib\boost</Filter>
    </ClInclude>
    <ClInclude Include="cpp-netlib\boost\network\uri\directives\path.hpp">
      <Filter>Libraries\cpp-netlib\boost</Filter>
    </ClInclude>
    <ClInclude Include="cpp-netlib\boost\network\uri\directives\port.hpp">
      <Filter>Libraries\cpp-netlib\boost</Filter>
    </ClInclude>
    <ClInclude Include="cpp-netlib\boost\network\uri\directives\query.hpp">
      <Filter>Libraries\cpp-netlib\boost</Filter>
    </ClInclude>
    <ClInclude Include="cpp-netlib\boost\network\uri\directives\scheme.hpp">
      <Filter>Libraries\cpp-netlib\boost</Filter>
    </ClInclude>
    <ClInclude Include="cpp-netlib\boost\network\uri\directives\user_info.hpp">
      <Filter>Libraries\cpp-netlib\boost</Filter>
    </ClInclude>
    <ClInclude Include="cpp-netlib\boost\network\uri\encode.hpp">
      <Filter>Libraries\cpp-netlib\boost</Filter>
    </ClInclude>
    <ClInclude Include="cpp-netlib\boost\network\uri\schemes.hpp">
      <Filter>Libraries\cpp-netlib\boost</Filter>
    </ClInclude>
    <ClInclude Include="cpp-netlib\boost\network\uri\uri.hpp">
      <Filter>Libraries\cpp-netlib\boost</Filter>
    </ClInclude>
    <ClInclude Include="cpp-netlib\boost\network\uri\uri_io.hpp">
      <Filter>Libraries\cpp-netlib\boost</Filter>
    </ClInclude>
    <ClInclude Include="cpp-netlib\boost\network\utils\base64\encode-io.hpp">
      <Filter>Libraries\cpp-netlib\boost</Filter>
    </ClInclude>
    <ClInclude Include="cpp-netlib\boost\network\utils\base64\encode.hpp">
      <Filter>Libraries\cpp-netlib\boost</Filter>
    </ClInclude>
    <ClInclude Include="cpp-netlib\boost\network\utils\thread_pool.hpp">
      <Filter>Libraries\cpp-netlib\boost</Filter>
    </ClInclude>
    <ClInclude Include="cpp-netlib\boost\network\version.hpp">
      <Filter>Libraries\cpp-netlib\boost</Filter>
    </ClInclude>
  </ItemGroup>
  <ItemGroup>
    <Filter Include="Common">
      <UniqueIdentifier>{37cf2aad-483e-415c-8800-8cd8ac89284b}</UniqueIdentifier>
    </Filter>
    <Filter Include="Scripting">
      <UniqueIdentifier>{6f3adfb1-c873-4d7f-8828-837ff068e821}</UniqueIdentifier>
    </Filter>
    <Filter Include="Phasor">
      <UniqueIdentifier>{84bde0a5-9033-4a9f-b5de-d267c1919ad6}</UniqueIdentifier>
    </Filter>
    <Filter Include="Phasor\Logging">
      <UniqueIdentifier>{38bfb741-9ec6-46f9-8f56-e88cb2c73311}</UniqueIdentifier>
    </Filter>
    <Filter Include="Phasor\Halo">
      <UniqueIdentifier>{faf8ad22-063f-4fe1-888f-11d2fdef36ef}</UniqueIdentifier>
    </Filter>
    <Filter Include="Phasor\Halo\Game">
      <UniqueIdentifier>{392cfa2c-94b4-4290-b967-d4e437723b81}</UniqueIdentifier>
    </Filter>
    <Filter Include="Phasor\Halo\Hooks">
      <UniqueIdentifier>{35c8cca9-fcac-472f-8b1b-85751583e4d8}</UniqueIdentifier>
    </Filter>
    <Filter Include="Phasor\Halo\Player">
      <UniqueIdentifier>{220030b9-458a-4267-b4b5-3b1e6e494c17}</UniqueIdentifier>
    </Filter>
    <Filter Include="Phasor\Halo\Server">
      <UniqueIdentifier>{85ec4ae2-f7ea-4730-ac24-4f60404de3d4}</UniqueIdentifier>
    </Filter>
    <Filter Include="Libraries">
      <UniqueIdentifier>{55fe9dd8-c1f3-49ed-80b7-b02bb0505167}</UniqueIdentifier>
    </Filter>
    <Filter Include="Libraries\cURL">
      <UniqueIdentifier>{1f6c1ebc-0d32-403a-a24d-680af5c15271}</UniqueIdentifier>
    </Filter>
    <Filter Include="Libraries\sqlite">
      <UniqueIdentifier>{ffd02c78-0120-40c9-9dc6-888e64c9658d}</UniqueIdentifier>
    </Filter>
    <Filter Include="Scripting\PhasorAPI">
      <UniqueIdentifier>{9ce75f8b-6770-40e9-9a00-fd37c89fa385}</UniqueIdentifier>
    </Filter>
    <Filter Include="Libraries\cpp-netlib">
      <UniqueIdentifier>{37428c80-665d-4a84-bf8b-858399c8d7f8}</UniqueIdentifier>
    </Filter>
    <Filter Include="Libraries\cpp-netlib\boost">
      <UniqueIdentifier>{debea1ff-ed3c-4fbf-8ab7-67007d2da694}</UniqueIdentifier>
    </Filter>
    <Filter Include="Libraries\cpp-netlib\libs">
      <UniqueIdentifier>{683498bc-0bce-4f5b-877e-0fb742075479}</UniqueIdentifier>
    </Filter>
    <Filter Include="Libraries\cpp-netlib\libs\network">
      <UniqueIdentifier>{907b2e33-aa60-432b-abc5-4300970333dd}</UniqueIdentifier>
    </Filter>
    <Filter Include="Libraries\cpp-netlib\libs\network\src">
      <UniqueIdentifier>{cbf5867c-8581-4ff5-8f82-e9aebe1c07a1}</UniqueIdentifier>
    </Filter>
    <Filter Include="Libraries\cpp-netlib\libs\network\src\uri">
      <UniqueIdentifier>{bdaf42d3-2f26-4c85-90f3-3c6f54b16a48}</UniqueIdentifier>
    </Filter>
  </ItemGroup>
</Project>