
Microsoft Visual Studio Solution File, Format Version 11.00
# Visual Studio 2010
Project("{8BC9CEB8-8B4A-11D0-8D11-00A0C91BC942}") = "remote", "remote.vcxproj", "{87C95819-5464-479F-88B9-2759AD87A13F}"
EndProject
Project("{8BC9CEB8-8B4A-11D0-8D11-00A0C91BC942}") = "client", "..\client\client.vcxproj", "{B63BC367-6997-4162-923B-F549E404D26B}"
EndProject
Global
	GlobalSection(SolutionConfigurationPlatforms) = preSolution
		Debug|Win32 = Debug|Win32
		Release|Win32 = Release|Win32
	EndGlobalSection
	GlobalSection(ProjectConfigurationPlatforms) = postSolution
		{87C95819-5464-479F-88B9-2759AD87A13F}.Debug|Win32.ActiveCfg = Debug|Win32
		{87C95819-5464-479F-88B9-2759AD87A13F}.Debug|Win32.Build.0 = Debug|Win32
		{87C95819-5464-479F-88B9-2759AD87A13F}.Release|Win32.ActiveCfg = Release|Win32
		{87C95819-5464-479F-88B9-2759AD87A13F}.Release|Win32.Build.0 = Release|Win32
		{B63BC367-6997-4162-923B-F549E404D26B}.Debug|Win32.ActiveCfg = Debug|Win32
		{B63BC367-6997-4162-923B-F549E404D26B}.Debug|Win32.Build.0 = Debug|Win32
		{B63BC367-6997-4162-923B-F549E404D26B}.Release|Win32.ActiveCfg = Release|Win32
		{B63BC367-6997-4162-923B-F549E404D26B}.Release|Win32.Build.0 = Release|Win32
	EndGlobalSection
	GlobalSection(SolutionProperties) = preSolution
		HideSolutionNode = FALSE
	EndGlobalSection
EndGlobal
