<?xml version="1.0" encoding="utf-8"?>
<Project ToolsVersion="4.0" xmlns="http://schemas.microsoft.com/developer/msbuild/2003">
  <ItemGroup>
    <Filter Include="Scripting">
      <UniqueIdentifier>{18dd4674-7067-417a-94e6-7c6aa064f43d}</UniqueIdentifier>
    </Filter>
    <Filter Include="Scripting\Lua">
      <UniqueIdentifier>{e69fda23-7215-433e-974b-de2b9dad068f}</UniqueIdentifier>
    </Filter>
    <Filter Include="Scripting\Manger">
      <UniqueIdentifier>{d15ccfad-d15c-4e4c-af80-6d98275e92af}</UniqueIdentifier>
    </Filter>
    <Filter Include="Common">
      <UniqueIdentifier>{4d87ae6a-d97e-46d5-894f-714c0a41884d}</UniqueIdentifier>
    </Filter>
    <Filter Include="Scripting\PhasorAPI">
      <UniqueIdentifier>{f88b9cb6-d2cd-4299-9725-2a6fe63f55c3}</UniqueIdentifier>
    </Filter>
    <Filter Include="Phasor Thread">
      <UniqueIdentifier>{fab44960-0a19-469f-b45e-46ca3ac7c158}</UniqueIdentifier>
    </Filter>
  </ItemGroup>
  <ItemGroup>
    <ClCompile Include="main.cpp" />
    <ClCompile Include="..\Phasor\Lua.cpp">
      <Filter>Scripting\Lua</Filter>
    </ClCompile>
    <ClCompile Include="..\Phasor\Scripting.cpp">
      <Filter>Scripting</Filter>
    </ClCompile>
    <ClCompile Include="..\Phasor\Manager.cpp">
      <Filter>Scripting\Manger</Filter>
    </ClCompile>
    <ClCompile Include="..\Phasor\PhasorAPI.cpp">
      <Filter>Scripting\PhasorAPI</Filter>
    </ClCompile>
    <ClCompile Include="..\Phasor\PhasorThread.cpp">
      <Filter>Phasor Thread</Filter>
    </ClCompile>
    <ClCompile Include="..\Phasor\Common\Common.cpp">
      <Filter>Common</Filter>
    </ClCompile>
    <ClCompile Include="..\Phasor\Common\FileIO.cpp">
      <Filter>Common</Filter>
    </ClCompile>
    <ClCompile Include="..\Phasor\Common\MyString.cpp">
      <Filter>Common</Filter>
    </ClCompile>
    <ClCompile Include="..\Phasor\Common\Streams.cpp">
      <Filter>Common</Filter>
    </ClCompile>
    <ClCompile Include="..\Phasor\Common\Threads.cpp">
      <Filter>Common</Filter>
    </ClCompile>
    <ClCompile Include="..\Phasor\Common\Timers.cpp">
      <Filter>Common</Filter>
    </ClCompile>
  </ItemGroup>
  <ItemGroup>
    <ClInclude Include="..\Phasor\Lua.h">
      <Filter>Scripting\Lua</Filter>
    </ClInclude>
    <ClInclude Include="..\Phasor\Scripting.h">
      <Filter>Scripting</Filter>
    </ClInclude>
    <ClInclude Include="..\Phasor\Manager.h">
      <Filter>Scripting\Manger</Filter>
    </ClInclude>
    <ClInclude Include="..\Phasor\PhasorAPI.h">
      <Filter>Scripting\PhasorAPI</Filter>
    </ClInclude>
    <ClInclude Include="..\Phasor\PhasorScript.h" />
    <ClInclude Include="..\Phasor\PhasorThread.h">
      <Filter>Phasor Thread</Filter>
    </ClInclude>
    <ClInclude Include="..\Phasor\Common\Common.h">
      <Filter>Common</Filter>
    </ClInclude>
    <ClInclude Include="..\Phasor\Common\FileIO.h">
      <Filter>Common</Filter>
    </ClInclude>
    <ClInclude Include="..\Phasor\Common\MyString.h">
      <Filter>Common</Filter>
    </ClInclude>
    <ClInclude Include="..\Phasor\Common\Streams.h">
      <Filter>Common</Filter>
    </ClInclude>
    <ClInclude Include="..\Phasor\Common\Threads.h">
      <Filter>Common</Filter>
    </ClInclude>
    <ClInclude Include="..\Phasor\Common\Timers.h">
      <Filter>Common</Filter>
    </ClInclude>
    <ClInclude Include="..\Phasor\Common\Types.h">
      <Filter>Common</Filter>
    </ClInclude>
  </ItemGroup>
  <ItemGroup>
    <None Include="..\Phasor\includes.props" />
  </ItemGroup>
</Project>